
Microsoft Visual Studio Solution File, Format Version 12.00
# Visual Studio Version 17
VisualStudioVersion = 17.10.35027.167
MinimumVisualStudioVersion = 10.0.40219.1
Project("{FAE04EC0-301F-11D3-BF4B-00C04F79EFBC}") = "mydb", "mydb\mydb.csproj", "{C458EA82-687E-412A-8518-E8F0D81323C9}"
EndProject
Global
	GlobalSection(SolutionConfigurationPlatforms) = preSolution
		Debug|Any CPU = Debug|Any CPU
		Release|Any CPU = Release|Any CPU
	EndGlobalSection
	GlobalSection(ProjectConfigurationPlatforms) = postSolution
		{C458EA82-687E-412A-8518-E8F0D81323C9}.Debug|Any CPU.ActiveCfg = Debug|Any CPU
		{C458EA82-687E-412A-8518-E8F0D81323C9}.Debug|Any CPU.Build.0 = Debug|Any CPU
		{C458EA82-687E-412A-8518-E8F0D81323C9}.Release|Any CPU.ActiveCfg = Release|Any CPU
		{C458EA82-687E-412A-8518-E8F0D81323C9}.Release|Any CPU.Build.0 = Release|Any CPU
	EndGlobalSection
	GlobalSection(SolutionProperties) = preSolution
		HideSolutionNode = FALSE
	EndGlobalSection
	GlobalSection(ExtensibilityGlobals) = postSolution
		SolutionGuid = {D163A67F-A9AD-49CE-A4F8-D02FB92B111C}
	EndGlobalSection
EndGlobal
