
Microsoft Visual Studio Solution File, Format Version 12.00
# Visual Studio Version 17
VisualStudioVersion = 17.10.35027.167
MinimumVisualStudioVersion = 10.0.40219.1
Project("{FAE04EC0-301F-11D3-BF4B-00C04F79EFBC}") = "Registration_form", "Registration_form\Registration_form.csproj", "{5488FD0A-72CE-4870-9212-2EAD0706F2B7}"
EndProject
Global
	GlobalSection(SolutionConfigurationPlatforms) = preSolution
		Debug|Any CPU = Debug|Any CPU
		Release|Any CPU = Release|Any CPU
	EndGlobalSection
	GlobalSection(ProjectConfigurationPlatforms) = postSolution
		{5488FD0A-72CE-4870-9212-2EAD0706F2B7}.Debug|Any CPU.ActiveCfg = Debug|Any CPU
		{5488FD0A-72CE-4870-9212-2EAD0706F2B7}.Debug|Any CPU.Build.0 = Debug|Any CPU
		{5488FD0A-72CE-4870-9212-2EAD0706F2B7}.Release|Any CPU.ActiveCfg = Release|Any CPU
		{5488FD0A-72CE-4870-9212-2EAD0706F2B7}.Release|Any CPU.Build.0 = Release|Any CPU
	EndGlobalSection
	GlobalSection(SolutionProperties) = preSolution
		HideSolutionNode = FALSE
	EndGlobalSection
	GlobalSection(ExtensibilityGlobals) = postSolution
		SolutionGuid = {8BEDC3C3-09E1-4624-A22F-755ABE5F26B4}
	EndGlobalSection
EndGlobal
