
Microsoft Visual Studio Solution File, Format Version 12.00
# Visual Studio Version 17
VisualStudioVersion = 17.10.35027.167
MinimumVisualStudioVersion = 10.0.40219.1
Project("{FAE04EC0-301F-11D3-BF4B-00C04F79EFBC}") = "crud_operation", "crud_operation\crud_operation.csproj", "{032C43CE-2219-4396-80E9-1BA8DD455811}"
EndProject
Global
	GlobalSection(SolutionConfigurationPlatforms) = preSolution
		Debug|Any CPU = Debug|Any CPU
		Release|Any CPU = Release|Any CPU
	EndGlobalSection
	GlobalSection(ProjectConfigurationPlatforms) = postSolution
		{032C43CE-2219-4396-80E9-1BA8DD455811}.Debug|Any CPU.ActiveCfg = Debug|Any CPU
		{032C43CE-2219-4396-80E9-1BA8DD455811}.Debug|Any CPU.Build.0 = Debug|Any CPU
		{032C43CE-2219-4396-80E9-1BA8DD455811}.Release|Any CPU.ActiveCfg = Release|Any CPU
		{032C43CE-2219-4396-80E9-1BA8DD455811}.Release|Any CPU.Build.0 = Release|Any CPU
	EndGlobalSection
	GlobalSection(SolutionProperties) = preSolution
		HideSolutionNode = FALSE
	EndGlobalSection
	GlobalSection(ExtensibilityGlobals) = postSolution
		SolutionGuid = {0D075FCC-F679-49B8-A095-CE0E67221DE6}
	EndGlobalSection
EndGlobal
